
Microsoft Visual Studio Solution File, Format Version 12.00
# Visual Studio 15
VisualStudioVersion = 15.0.27703.2000
MinimumVisualStudioVersion = 10.0.40219.1
Project("{FAE04EC0-301F-11D3-BF4B-00C04F79EFBC}") = "TVManager(WPF, ADONet)", "TVManager(WPF, ADONet)\TVManager(WPF, ADONet).csproj", "{2631AE50-64F5-4671-BAAB-DFBB8A9D8908}"
EndProject
Global
	GlobalSection(SolutionConfigurationPlatforms) = preSolution
		Debug|Any CPU = Debug|Any CPU
		Release|Any CPU = Release|Any CPU
	EndGlobalSection
	GlobalSection(ProjectConfigurationPlatforms) = postSolution
		{2631AE50-64F5-4671-BAAB-DFBB8A9D8908}.Debug|Any CPU.ActiveCfg = Debug|Any CPU
		{2631AE50-64F5-4671-BAAB-DFBB8A9D8908}.Debug|Any CPU.Build.0 = Debug|Any CPU
		{2631AE50-64F5-4671-BAAB-DFBB8A9D8908}.Release|Any CPU.ActiveCfg = Release|Any CPU
		{2631AE50-64F5-4671-BAAB-DFBB8A9D8908}.Release|Any CPU.Build.0 = Release|Any CPU
	EndGlobalSection
	GlobalSection(SolutionProperties) = preSolution
		HideSolutionNode = FALSE
	EndGlobalSection
	GlobalSection(ExtensibilityGlobals) = postSolution
		SolutionGuid = {2B8B2C1C-66C4-408B-A115-F826573C9C54}
	EndGlobalSection
EndGlobal
